# THIS IS AN AUTOGENERATED FILE. DO NOT EDIT THIS FILE DIRECTLY.
# yarn lockfile v1


bootstrap-scss@^4.3.1:
  version "4.3.1"
  resolved "https://registry.yarnpkg.com/bootstrap-scss/-/bootstrap-scss-4.3.1.tgz#d0c5ae69957dcf677092d3d9dacfab2d15504e9c"
  integrity sha512-9S2yVFoiCALs8nIBR9Tljdh9zDaBODZwVWajTgGuzONUxotDj44/SgW8s5Z3siJSyT4mye9PDbs0OPMmOfwoyg==
